
Microsoft Visual Studio Solution File, Format Version 12.00
# Visual Studio 15
VisualStudioVersion = 15.0.28307.271
MinimumVisualStudioVersion = 10.0.40219.1
Project("{FAE04EC0-301F-11D3-BF4B-00C04F79EFBC}") = "DataSorter", "DataSorter\DataSorter.csproj", "{B31BBC8D-BCBC-42BB-8D17-E24D68F921E6}"
EndProject
Project("{FAE04EC0-301F-11D3-BF4B-00C04F79EFBC}") = "DataSorterTester", "DataSorterTester\DataSorterTester.csproj", "{967ECB99-B295-4700-B791-31026D5E9846}"
EndProject
Global
	GlobalSection(SolutionConfigurationPlatforms) = preSolution
		Debug|Any CPU = Debug|Any CPU
		Release|Any CPU = Release|Any CPU
	EndGlobalSection
	GlobalSection(ProjectConfigurationPlatforms) = postSolution
		{B31BBC8D-BCBC-42BB-8D17-E24D68F921E6}.Debug|Any CPU.ActiveCfg = Debug|Any CPU
		{B31BBC8D-BCBC-42BB-8D17-E24D68F921E6}.Debug|Any CPU.Build.0 = Debug|Any CPU
		{B31BBC8D-BCBC-42BB-8D17-E24D68F921E6}.Release|Any CPU.ActiveCfg = Release|Any CPU
		{B31BBC8D-BCBC-42BB-8D17-E24D68F921E6}.Release|Any CPU.Build.0 = Release|Any CPU
		{967ECB99-B295-4700-B791-31026D5E9846}.Debug|Any CPU.ActiveCfg = Debug|Any CPU
		{967ECB99-B295-4700-B791-31026D5E9846}.Debug|Any CPU.Build.0 = Debug|Any CPU
		{967ECB99-B295-4700-B791-31026D5E9846}.Release|Any CPU.ActiveCfg = Release|Any CPU
		{967ECB99-B295-4700-B791-31026D5E9846}.Release|Any CPU.Build.0 = Release|Any CPU
	EndGlobalSection
	GlobalSection(SolutionProperties) = preSolution
		HideSolutionNode = FALSE
	EndGlobalSection
	GlobalSection(ExtensibilityGlobals) = postSolution
		SolutionGuid = {B34E2049-DA52-41A2-AE5E-F6FD56D67B2D}
	EndGlobalSection
EndGlobal
